// !$*UTF8*$!
{
	archiveVersion = 1;
	classes = {
	};
	objectVersion = 50;
	objects = {

/* Begin PBXBuildFile section */
		DAE1407D24EFFFF600AF9245 /* AppDelegate.swift in Sources */ = {isa = PBXBuildFile; fileRef = DAE1407C24EFFFF600AF9245 /* AppDelegate.swift */; };
		DAE1407F24EFFFF600AF9245 /* SceneDelegate.swift in Sources */ = {isa = PBXBuildFile; fileRef = DAE1407E24EFFFF600AF9245 /* SceneDelegate.swift */; };
		DAE1408124EFFFF600AF9245 /* ViewController.swift in Sources */ = {isa = PBXBuildFile; fileRef = DAE1408024EFFFF600AF9245 /* ViewController.swift */; };
		DAE1408424EFFFF600AF9245 /* Main.storyboard in Resources */ = {isa = PBXBuildFile; fileRef = DAE1408224EFFFF600AF9245 /* Main.storyboard */; };
		DAE1408624EFFFFB00AF9245 /* Assets.xcassets in Resources */ = {isa = PBXBuildFile; fileRef = DAE1408524EFFFFB00AF9245 /* Assets.xcassets */; };
		DAE1408924EFFFFB00AF9245 /* LaunchScreen.storyboard in Resources */ = {isa = PBXBuildFile; fileRef = DAE1408724EFFFFB00AF9245 /* LaunchScreen.storyboard */; };
/* End PBXBuildFile section */

/* Begin PBXFileReference section */
		DAE1407924EFFFF600AF9245 /* HandleDifferentCellsDemo.app */ = {isa = PBXFileReference; explicitFileType = wrapper.application; includeInIndex = 0; path = HandleDifferentCellsDemo.app; sourceTree = BUILT_PRODUCTS_DIR; };
		DAE1407C24EFFFF600AF9245 /* AppDelegate.swift */ = {isa = PBXFileReference; lastKnownFileType = sourcecode.swift; path = AppDelegate.swift; sourceTree = "<group>"; };
		DAE1407E24EFFFF600AF9245 /* SceneDelegate.swift */ = {isa = PBXFileReference; lastKnownFileType = sourcecode.swift; path = SceneDelegate.swift; sourceTree = "<group>"; };
		DAE1408024EFFFF600AF9245 /* ViewController.swift */ = {isa = PBXFileReference; lastKnownFileType = sourcecode.swift; path = ViewController.swift; sourceTree = "<group>"; };
		DAE1408324EFFFF600AF9245 /* Base */ = {isa = PBXFileReference; lastKnownFileType = file.storyboard; name = Base; path = Base.lproj/Main.storyboard; sourceTree = "<group>"; };
		DAE1408524EFFFFB00AF9245 /* Assets.xcassets */ = {isa = PBXFileReference; lastKnownFileType = folder.assetcatalog; path = Assets.xcassets; sourceTree = "<group>"; };
		DAE1408824EFFFFB00AF9245 /* Base */ = {isa = PBXFileReference; lastKnownFileType = file.storyboard; name = Base; path = Base.lproj/LaunchScreen.storyboard; sourceTree = "<group>"; };
		DAE1408A24EFFFFB00AF9245 /* Info.plist */ = {isa = PBXFileReference; lastKnownFileType = text.plist.xml; path = Info.plist; sourceTree = "<group>"; };
/* End PBXFileReference section */

/* Begin PBXFrameworksBuildPhase section */
		DAE1407624EFFFF600AF9245 /* Frameworks */ = {
			isa = PBXFrameworksBuildPhase;
			buildActionMask = 2147483647;
			files = (
			);
			runOnlyForDeploymentPostprocessing = 0;
		};
/* End PBXFrameworksBuildPhase section */

/* Begin PBXGroup section */
		DAE1407024EFFFF600AF9245 = {
			isa = PBXGroup;
			children = (
				DAE1407B24EFFFF600AF9245 /* HandleDifferentCellsDemo */,
				DAE1407A24EFFFF600AF9245 /* Products */,
			);
			sourceTree = "<group>";
		};
		DAE1407A24EFFFF600AF9245 /* Products */ = {
			isa = PBXGroup;
			children = (
				DAE1407924EFFFF600AF9245 /* HandleDifferentCellsDemo.app */,
			);
			name = Products;
			sourceTree = "<group>";
		};
		DAE1407B24EFFFF600AF9245 /* HandleDifferentCellsDemo */ = {
			isa = PBXGroup;
			children = (
				DAE1407C24EFFFF600AF9245 /* AppDelegate.swift */,
				DAE1407E24EFFFF600AF9245 /* SceneDelegate.swift */,
				DAE1408024EFFFF600AF9245 /* ViewController.swift */,
				DAE1408224EFFFF600AF9245 /* Main.storyboard */,
				DAE1408524EFFFFB00AF9245 /* Assets.xcassets */,
				DAE1408724EFFFFB00AF9245 /* LaunchScreen.storyboard */,
				DAE1408A24EFFFFB00AF9245 /* Info.plist */,
			);
			path = HandleDifferentCellsDemo;
			sourceTree = "<group>";
		};
/* End PBXGroup section */

/* Begin PBXNativeTarget section */
		DAE1407824EFFFF600AF9245 /* HandleDifferentCellsDemo */ = {
			isa = PBXNativeTarget;
			buildConfigurationList = DAE1408D24EFFFFB00AF9245 /* Build configuration list for PBXNativeTarget "HandleDifferentCellsDemo" */;
			buildPhases = (
				DAE1407524EFFFF600AF9245 /* Sources */,
				DAE1407624EFFFF600AF9245 /* Frameworks */,
				DAE1407724EFFFF600AF9245 /* Resources */,
			);
			buildRules = (
			);
			dependencies = (
			);
			name = HandleDifferentCellsDemo;
			productName = HandleDifferentCellsDemo;
			productReference = DAE1407924EFFFF600AF9245 /* HandleDifferentCellsDemo.app */;
			productType = "com.apple.product-type.application";
		};
/* End PBXNativeTarget section */

/* Begin PBXProject section */
		DAE1407124EFFFF600AF9245 /* Project object */ = {
			isa = PBXProject;
			attributes = {
				LastSwiftUpdateCheck = 1120;
				LastUpgradeCheck = 1120;
				ORGANIZATIONNAME = "Elsayed Hussein";
				TargetAttributes = {
					DAE1407824EFFFF600AF9245 = {
						CreatedOnToolsVersion = 11.2.1;
					};
				};
			};
			buildConfigurationList = DAE1407424EFFFF600AF9245 /* Build configuration list for PBXProject "HandleDifferentCellsDemo" */;
			compatibilityVersion = "Xcode 9.3";
			developmentRegion = en;
			hasScannedForEncodings = 0;
			knownRegions = (
				en,
				Base,
			);
			mainGroup = DAE1407024EFFFF600AF9245;
			productRefGroup = DAE1407A24EFFFF600AF9245 /* Products */;
			projectDirPath = "";
			projectRoot = "";
			targets = (
				DAE1407824EFFFF600AF9245 /* HandleDifferentCellsDemo */,
			);
		};
/* End PBXProject section */

/* Begin PBXResourcesBuildPhase section */
		DAE1407724EFFFF600AF9245 /* Resources */ = {
			isa = PBXResourcesBuildPhase;
			buildActionMask = 2147483647;
			files = (
				DAE1408924EFFFFB00AF9245 /* LaunchScreen.storyboard in Resources */,
				DAE1408624EFFFFB00AF9245 /* Assets.xcassets in Resources */,
				DAE1408424EFFFF600AF9245 /* Main.storyboard in Resources */,
			);
			runOnlyForDeploymentPostprocessing = 0;
		};
/* End PBXResourcesBuildPhase section */

/* Begin PBXSourcesBuildPhase section */
		DAE1407524EFFFF600AF9245 /* Sources */ = {
			isa = PBXSourcesBuildPhase;
			buildActionMask = 2147483647;
			files = (
				DAE1408124EFFFF600AF9245 /* ViewController.swift in Sources */,
				DAE1407D24EFFFF600AF9245 /* AppDelegate.swift in Sources */,
				DAE1407F24EFFFF600AF9245 /* SceneDelegate.swift in Sources */,
			);
			runOnlyForDeploymentPostprocessing = 0;
		};
/* End PBXSourcesBuildPhase section */

/* Begin PBXVariantGroup section */
		DAE1408224EFFFF600AF9245 /* Main.storyboard */ = {
			isa = PBXVariantGroup;
			children = (
				DAE1408324EFFFF600AF9245 /* Base */,
			);
			name = Main.storyboard;
			sourceTree = "<group>";
		};
		DAE1408724EFFFFB00AF9245 /* LaunchScreen.storyboard */ = {
			isa = PBXVariantGroup;
			children = (
				DAE1408824EFFFFB00AF9245 /* Base */,
			);
			name = LaunchScreen.storyboard;
			sourceTree = "<group>";
		};
/* End PBXVariantGroup section */

/* Begin XCBuildConfiguration section */
		DAE1408B24EFFFFB00AF9245 /* Debug */ = {
			isa = XCBuildConfiguration;
			buildSettings = {
				ALWAYS_SEARCH_USER_PATHS = NO;
				CLANG_ANALYZER_NONNULL = YES;
				CLANG_ANALYZER_NUMBER_OBJECT_CONVERSION = YES_AGGRESSIVE;
				CLANG_CXX_LANGUAGE_STANDARD = "gnu++14";
				CLANG_CXX_LIBRARY = "libc++";
				CLANG_ENABLE_MODULES = YES;
				CLANG_ENABLE_OBJC_ARC = YES;
				CLANG_ENABLE_OBJC_WEAK = YES;
				CLANG_WARN_BLOCK_CAPTURE_AUTORELEASING = YES;
				CLANG_WARN_BOOL_CONVERSION = YES;
				CLANG_WARN_COMMA = YES;
				CLANG_WARN_CONSTANT_CONVERSION = YES;
				CLANG_WARN_DEPRECATED_OBJC_IMPLEMENTATIONS = YES;
				CLANG_WARN_DIRECT_OBJC_ISA_USAGE = YES_ERROR;
				CLANG_WARN_DOCUMENTATION_COMMENTS = YES;
				CLANG_WARN_EMPTY_BODY = YES;
				CLANG_WARN_ENUM_CONVERSION = YES;
				CLANG_WARN_INFINITE_RECURSION = YES;
				CLANG_WARN_INT_CONVERSION = YES;
				CLANG_WARN_NON_LITERAL_NULL_CONVERSION = YES;
				CLANG_WARN_OBJC_IMPLICIT_RETAIN_SELF = YES;
				CLANG_WARN_OBJC_LITERAL_CONVERSION = YES;
				CLANG_WARN_OBJC_ROOT_CLASS = YES_ERROR;
				CLANG_WARN_RANGE_LOOP_ANALYSIS = YES;
				CLANG_WARN_STRICT_PROTOTYPES = YES;
				CLANG_WARN_SUSPICIOUS_MOVE = YES;
				CLANG_WARN_UNGUARDED_AVAILABILITY = YES_AGGRESSIVE;
				CLANG_WARN_UNREACHABLE_CODE = YES;
				CLANG_WARN__DUPLICATE_METHOD_MATCH = YES;
				COPY_PHASE_STRIP = NO;
				DEBUG_INFORMATION_FORMAT = dwarf;
				ENABLE_STRICT_OBJC_MSGSEND = YES;
				ENABLE_TESTABILITY = YES;
				GCC_C_LANGUAGE_STANDARD = gnu11;
				GCC_DYNAMIC_NO_PIC = NO;
				GCC_NO_COMMON_BLOCKS = YES;
				GCC_OPTIMIZATION_LEVEL = 0;
				GCC_PREPROCESSOR_DEFINITIONS = (
					"DEBUG=1",
					"$(inherited)",
				);
				GCC_WARN_64_TO_32_BIT_CONVERSION = YES;
				GCC_WARN_ABOUT_RETURN_TYPE = YES_ERROR;
				GCC_WARN_UNDECLARED_SELECTOR = YES;
				GCC_WARN_UNINITIALIZED_AUTOS = YES_AGGRESSIVE;
				GCC_WARN_UNUSED_FUNCTION = YES;
				GCC_WARN_UNUSED_VARIABLE = YES;
				IPHONEOS_DEPLOYMENT_TARGET = 13.2;
				MTL_ENABLE_DEBUG_INFO = INCLUDE_SOURCE;
				MTL_FAST_MATH = YES;
				ONLY_ACTIVE_ARCH = YES;
				SDKROOT = iphoneos;
				SWIFT_ACTIVE_COMPILATION_CONDITIONS = DEBUG;
				SWIFT_OPTIMIZATION_LEVEL = "-Onone";
			};
			name = Debug;
		};
		DAE1408C24EFFFFB00AF9245 /* Release */ = {
			isa = XCBuildConfiguration;
			buildSettings = {
				ALWAYS_SEARCH_USER_PATHS = NO;
				CLANG_ANALYZER_NONNULL = YES;
				CLANG_ANALYZER_NUMBER_OBJECT_CONVERSION = YES_AGGRESSIVE;
				CLANG_CXX_LANGUAGE_STANDARD = "gnu++14";
				CLANG_CXX_LIBRARY = "libc++";
				CLANG_ENABLE_MODULES = YES;
				CLANG_ENABLE_OBJC_ARC = YES;
				CLANG_ENABLE_OBJC_WEAK = YES;
				CLANG_WARN_BLOCK_CAPTURE_AUTORELEASING = YES;
				CLANG_WARN_BOOL_CONVERSION = YES;
				CLANG_WARN_COMMA = YES;
				CLANG_WARN_CONSTANT_CONVERSION = YES;
				CLANG_WARN_DEPRECATED_OBJC_IMPLEMENTATIONS = YES;
				CLANG_WARN_DIRECT_OBJC_ISA_USAGE = YES_ERROR;
				CLANG_WARN_DOCUMENTATION_COMMENTS = YES;
				CLANG_WARN_EMPTY_BODY = YES;
				CLANG_WARN_ENUM_CONVERSION = YES;
				CLANG_WARN_INFINITE_RECURSION = YES;
				CLANG_WARN_INT_CONVERSION = YES;
				CLANG_WARN_NON_LITERAL_NULL_CONVERSION = YES;
				CLANG_WARN_OBJC_IMPLICIT_RETAIN_SELF = YES;
				CLANG_WARN_OBJC_LITERAL_CONVERSION = YES;
				CLANG_WARN_OBJC_ROOT_CLASS = YES_ERROR;
				CLANG_WARN_RANGE_LOOP_ANALYSIS = YES;
				CLANG_WARN_STRICT_PROTOTYPES = YES;
				CLANG_WARN_SUSPICIOUS_MOVE = YES;
				CLANG_WARN_UNGUARDED_AVAILABILITY = YES_AGGRESSIVE;
				CLANG_WARN_UNREACHABLE_CODE = YES;
				CLANG_WARN__DUPLICATE_METHOD_MATCH = YES;
				COPY_PHASE_STRIP = NO;
				DEBUG_INFORMATION_FORMAT = "dwarf-with-dsym";
				ENABLE_NS_ASSERTIONS = NO;
				ENABLE_STRICT_OBJC_MSGSEND = YES;
				GCC_C_LANGUAGE_STANDARD = gnu11;
				GCC_NO_COMMON_BLOCKS = YES;
				GCC_WARN_64_TO_32_BIT_CONVERSION = YES;
				GCC_WARN_ABOUT_RETURN_TYPE = YES_ERROR;
				GCC_WARN_UNDECLARED_SELECTOR = YES;
				GCC_WARN_UNINITIALIZED_AUTOS = YES_AGGRESSIVE;
				GCC_WARN_UNUSED_FUNCTION = YES;
				GCC_WARN_UNUSED_VARIABLE = YES;
				IPHONEOS_DEPLOYMENT_TARGET = 13.2;
				MTL_ENABLE_DEBUG_INFO = NO;
				MTL_FAST_MATH = YES;
				SDKROOT = iphoneos;
				SWIFT_COMPILATION_MODE = wholemodule;
				SWIFT_OPTIMIZATION_LEVEL = "-O";
				VALIDATE_PRODUCT = YES;
			};
			name = Release;
		};
		DAE1408E24EFFFFB00AF9245 /* Debug */ = {
			isa = XCBuildConfiguration;
			buildSettings = {
				ASSETCATALOG_COMPILER_APPICON_NAME = AppIcon;
				CODE_SIGN_STYLE = Automatic;
				DEVELOPMENT_TEAM = E9WC5VCAQB;
				INFOPLIST_FILE = HandleDifferentCellsDemo/Info.plist;
				LD_RUNPATH_SEARCH_PATHS = (
					"$(inherited)",
					"@executable_path/Frameworks",
				);
				PRODUCT_BUNDLE_IDENTIFIER = com.bokhary.HandleDifferentCellsDemo;
				PRODUCT_NAME = "$(TARGET_NAME)";
				SWIFT_VERSION = 5.0;
				TARGETED_DEVICE_FAMILY = "1,2";
			};
			name = Debug;
		};
		DAE1408F24EFFFFB00AF9245 /* Release */ = {
			isa = XCBuildConfiguration;
			buildSettings = {
				ASSETCATALOG_COMPILER_APPICON_NAME = AppIcon;
				CODE_SIGN_STYLE = Automatic;
				DEVELOPMENT_TEAM = E9WC5VCAQB;
				INFOPLIST_FILE = HandleDifferentCellsDemo/Info.plist;
				LD_RUNPATH_SEARCH_PATHS = (
					"$(inherited)",
					"@executable_path/Frameworks",
				);
				PRODUCT_BUNDLE_IDENTIFIER = com.bokhary.HandleDifferentCellsDemo;
				PRODUCT_NAME = "$(TARGET_NAME)";
				SWIFT_VERSION = 5.0;
				TARGETED_DEVICE_FAMILY = "1,2";
			};
			name = Release;
		};
/* End XCBuildConfiguration section */

/* Begin XCConfigurationList section */
		DAE1407424EFFFF600AF9245 /* Build configuration list for PBXProject "HandleDifferentCellsDemo" */ = {
			isa = XCConfigurationList;
			buildConfigurations = (
				DAE1408B24EFFFFB00AF9245 /* Debug */,
				DAE1408C24EFFFFB00AF9245 /* Release */,
			);
			defaultConfigurationIsVisible = 0;
			defaultConfigurationName = Release;
		};
		DAE1408D24EFFFFB00AF9245 /* Build configuration list for PBXNativeTarget "HandleDifferentCellsDemo" */ = {
			isa = XCConfigurationList;
			buildConfigurations = (
				DAE1408E24EFFFFB00AF9245 /* Debug */,
				DAE1408F24EFFFFB00AF9245 /* Release */,
			);
			defaultConfigurationIsVisible = 0;
			defaultConfigurationName = Release;
		};
/* End XCConfigurationList section */
	};
	rootObject = DAE1407124EFFFF600AF9245 /* Project object */;
}
